# generated by rye
# use `rye lock` or `rye sync` to update this lockfile
#
# last locked with the following flags:
#   pre: false
#   features: []
#   all-features: false
#   with-sources: false

-e file:.
aiomysql==0.2.0
    # via ai-cat-api
annotated-types==0.6.0
    # via pydantic
anyio==4.3.0
    # via httpx
    # via openai
    # via starlette
asyncio==3.4.3
    # via ai-cat-api
asyncstdlib==3.12.2
    # via ai-cat-api
black==24.3.0
    # via ai-cat-api
certifi==2024.2.2
    # via httpcore
    # via httpx
    # via requests
charset-normalizer==3.3.2
    # via requests
click==8.1.7
    # via black
    # via uvicorn
distro==1.9.0
    # via openai
execnet==2.1.0
    # via pytest-xdist
fastapi==0.110.1
    # via ai-cat-api
flake8==7.0.0
    # via ai-cat-api
h11==0.14.0
    # via httpcore
    # via uvicorn
httpcore==1.0.5
    # via httpx
httpx==0.27.0
    # via ai-cat-api
    # via openai
idna==3.6
    # via anyio
    # via httpx
    # via requests
iniconfig==2.0.0
    # via pytest
mccabe==0.7.0
    # via flake8
mypy==1.9.0
    # via ai-cat-api
mypy-extensions==1.0.0
    # via black
    # via mypy
openai==1.16.2
    # via ai-cat-api
packaging==24.0
    # via black
    # via pytest
pathspec==0.12.1
    # via black
platformdirs==4.2.0
    # via black
pluggy==1.4.0
    # via pytest
pycodestyle==2.11.1
    # via flake8
pydantic==2.6.4
    # via fastapi
    # via openai
pydantic-core==2.16.3
    # via pydantic
pyflakes==3.2.0
    # via flake8
pymysql==1.1.0
    # via aiomysql
pytest==8.1.1
    # via ai-cat-api
    # via pytest-asyncio
    # via pytest-env
    # via pytest-xdist
pytest-asyncio==0.23.6
    # via ai-cat-api
pytest-env==1.1.3
    # via ai-cat-api
pytest-xdist==3.5.0
    # via ai-cat-api
regex==2023.12.25
    # via tiktoken
requests==2.31.0
    # via tiktoken
ruff==0.4.1
    # via ai-cat-api
sniffio==1.3.1
    # via anyio
    # via httpx
    # via openai
starlette==0.37.2
    # via fastapi
tiktoken==0.6.0
    # via ai-cat-api
tqdm==4.66.2
    # via openai
typing-extensions==4.11.0
    # via fastapi
    # via mypy
    # via openai
    # via pydantic
    # via pydantic-core
urllib3==2.2.1
    # via requests
uvicorn==0.29.0
    # via ai-cat-api
